
Microsoft Visual Studio Solution File, Format Version 12.00
# Visual Studio Version 16
VisualStudioVersion = 16.0.30621.155
MinimumVisualStudioVersion = 10.0.40219.1
Project("{9A19103F-16F7-4668-BE54-9A1E7A4F7556}") = "SmileBoy.Client.View", "SmileBoyClient\SmileBoy.Client.View.csproj", "{41568456-BDDD-4983-8346-DC71B3D0A592}"
EndProject
Project("{9A19103F-16F7-4668-BE54-9A1E7A4F7556}") = "SmileBoy.Client.Core", "SmileBoy.Client.BL\SmileBoy.Client.Core.csproj", "{E50DEBC4-DEFD-4851-9FBD-DDA754032305}"
EndProject
Project("{9A19103F-16F7-4668-BE54-9A1E7A4F7556}") = "SmileBoy.Client.Entities", "SmileBoy.Client.Entity\SmileBoy.Client.Entities.csproj", "{4CC22630-08BC-4A50-947F-AE958456B053}"
EndProject
Project("{9A19103F-16F7-4668-BE54-9A1E7A4F7556}") = "SmileBoy.Client.DAL", "SmileBoy.Client.DAL\SmileBoy.Client.DAL.csproj", "{2F9F1A8D-00E5-4761-A5E2-80D3462D2A4C}"
EndProject
Project("{9A19103F-16F7-4668-BE54-9A1E7A4F7556}") = "SmileBoy.Client.Tests", "SmileBoy.Client.Tests\SmileBoy.Client.Tests.csproj", "{B4B22B8B-833E-4CFA-990D-F021EC2E8C1E}"
EndProject
Project("{9A19103F-16F7-4668-BE54-9A1E7A4F7556}") = "SmileBoy.Server", "SmileBoy.Server\SmileBoy.Server.csproj", "{FCB73EAE-CA72-44DD-A714-D32DBC169D63}"
EndProject
Global
	GlobalSection(SolutionConfigurationPlatforms) = preSolution
		Debug|Any CPU = Debug|Any CPU
		Release|Any CPU = Release|Any CPU
	EndGlobalSection
	GlobalSection(ProjectConfigurationPlatforms) = postSolution
		{41568456-BDDD-4983-8346-DC71B3D0A592}.Debug|Any CPU.ActiveCfg = Debug|Any CPU
		{41568456-BDDD-4983-8346-DC71B3D0A592}.Debug|Any CPU.Build.0 = Debug|Any CPU
		{41568456-BDDD-4983-8346-DC71B3D0A592}.Release|Any CPU.ActiveCfg = Release|Any CPU
		{41568456-BDDD-4983-8346-DC71B3D0A592}.Release|Any CPU.Build.0 = Release|Any CPU
		{E50DEBC4-DEFD-4851-9FBD-DDA754032305}.Debug|Any CPU.ActiveCfg = Debug|Any CPU
		{E50DEBC4-DEFD-4851-9FBD-DDA754032305}.Debug|Any CPU.Build.0 = Debug|Any CPU
		{E50DEBC4-DEFD-4851-9FBD-DDA754032305}.Release|Any CPU.ActiveCfg = Release|Any CPU
		{E50DEBC4-DEFD-4851-9FBD-DDA754032305}.Release|Any CPU.Build.0 = Release|Any CPU
		{4CC22630-08BC-4A50-947F-AE958456B053}.Debug|Any CPU.ActiveCfg = Debug|Any CPU
		{4CC22630-08BC-4A50-947F-AE958456B053}.Debug|Any CPU.Build.0 = Debug|Any CPU
		{4CC22630-08BC-4A50-947F-AE958456B053}.Release|Any CPU.ActiveCfg = Release|Any CPU
		{4CC22630-08BC-4A50-947F-AE958456B053}.Release|Any CPU.Build.0 = Release|Any CPU
		{2F9F1A8D-00E5-4761-A5E2-80D3462D2A4C}.Debug|Any CPU.ActiveCfg = Debug|Any CPU
		{2F9F1A8D-00E5-4761-A5E2-80D3462D2A4C}.Debug|Any CPU.Build.0 = Debug|Any CPU
		{2F9F1A8D-00E5-4761-A5E2-80D3462D2A4C}.Release|Any CPU.ActiveCfg = Release|Any CPU
		{2F9F1A8D-00E5-4761-A5E2-80D3462D2A4C}.Release|Any CPU.Build.0 = Release|Any CPU
		{B4B22B8B-833E-4CFA-990D-F021EC2E8C1E}.Debug|Any CPU.ActiveCfg = Debug|Any CPU
		{B4B22B8B-833E-4CFA-990D-F021EC2E8C1E}.Debug|Any CPU.Build.0 = Debug|Any CPU
		{B4B22B8B-833E-4CFA-990D-F021EC2E8C1E}.Release|Any CPU.ActiveCfg = Release|Any CPU
		{B4B22B8B-833E-4CFA-990D-F021EC2E8C1E}.Release|Any CPU.Build.0 = Release|Any CPU
		{FCB73EAE-CA72-44DD-A714-D32DBC169D63}.Debug|Any CPU.ActiveCfg = Debug|Any CPU
		{FCB73EAE-CA72-44DD-A714-D32DBC169D63}.Debug|Any CPU.Build.0 = Debug|Any CPU
		{FCB73EAE-CA72-44DD-A714-D32DBC169D63}.Release|Any CPU.ActiveCfg = Release|Any CPU
		{FCB73EAE-CA72-44DD-A714-D32DBC169D63}.Release|Any CPU.Build.0 = Release|Any CPU
	EndGlobalSection
	GlobalSection(SolutionProperties) = preSolution
		HideSolutionNode = FALSE
	EndGlobalSection
	GlobalSection(ExtensibilityGlobals) = postSolution
		SolutionGuid = {8C66AE6B-E088-4DE5-8FB5-FFB8263774D9}
	EndGlobalSection
EndGlobal
